
Microsoft Visual Studio Solution File, Format Version 12.00
# Visual Studio Version 17
VisualStudioVersion = 17.5.33516.290
MinimumVisualStudioVersion = 10.0.40219.1
Project("{FAE04EC0-301F-11D3-BF4B-00C04F79EFBC}") = "Job_Search_Application", "Job_Search_Application\Job_Search_Application.csproj", "{E1410F30-A520-4173-B0AB-1796367223C0}"
EndProject
Global
	GlobalSection(SolutionConfigurationPlatforms) = preSolution
		Debug|Any CPU = Debug|Any CPU
		Release|Any CPU = Release|Any CPU
	EndGlobalSection
	GlobalSection(ProjectConfigurationPlatforms) = postSolution
		{E1410F30-A520-4173-B0AB-1796367223C0}.Debug|Any CPU.ActiveCfg = Debug|Any CPU
		{E1410F30-A520-4173-B0AB-1796367223C0}.Debug|Any CPU.Build.0 = Debug|Any CPU
		{E1410F30-A520-4173-B0AB-1796367223C0}.Release|Any CPU.ActiveCfg = Release|Any CPU
		{E1410F30-A520-4173-B0AB-1796367223C0}.Release|Any CPU.Build.0 = Release|Any CPU
	EndGlobalSection
	GlobalSection(SolutionProperties) = preSolution
		HideSolutionNode = FALSE
	EndGlobalSection
	GlobalSection(ExtensibilityGlobals) = postSolution
		SolutionGuid = {89B35CDC-30A3-4A1E-BFFB-9E5E96FD2816}
	EndGlobalSection
EndGlobal
